
Microsoft Visual Studio Solution File, Format Version 12.00
# Visual Studio 15
VisualStudioVersion = 15.0.27130.2036
MinimumVisualStudioVersion = 10.0.40219.1
Project("{FAE04EC0-301F-11D3-BF4B-00C04F79EFBC}") = "WPFExportSolution", "WPFExportSolution.csproj", "{58F7E85E-1DB9-4AAA-AFD3-A78CAFD3076D}"
EndProject
Project("{FAE04EC0-301F-11D3-BF4B-00C04F79EFBC}") = "ExportSolutionUnitTest", "..\ExportSolutionUnitTest\ExportSolutionUnitTest.csproj", "{01812EB2-4FC8-4F3B-B073-7BC8BE9DD4A1}"
EndProject
Global
	GlobalSection(SolutionConfigurationPlatforms) = preSolution
		Debug|Any CPU = Debug|Any CPU
		Release|Any CPU = Release|Any CPU
	EndGlobalSection
	GlobalSection(ProjectConfigurationPlatforms) = postSolution
		{58F7E85E-1DB9-4AAA-AFD3-A78CAFD3076D}.Debug|Any CPU.ActiveCfg = Debug|Any CPU
		{58F7E85E-1DB9-4AAA-AFD3-A78CAFD3076D}.Debug|Any CPU.Build.0 = Debug|Any CPU
		{58F7E85E-1DB9-4AAA-AFD3-A78CAFD3076D}.Release|Any CPU.ActiveCfg = Release|Any CPU
		{58F7E85E-1DB9-4AAA-AFD3-A78CAFD3076D}.Release|Any CPU.Build.0 = Release|Any CPU
		{01812EB2-4FC8-4F3B-B073-7BC8BE9DD4A1}.Debug|Any CPU.ActiveCfg = Debug|Any CPU
		{01812EB2-4FC8-4F3B-B073-7BC8BE9DD4A1}.Debug|Any CPU.Build.0 = Debug|Any CPU
		{01812EB2-4FC8-4F3B-B073-7BC8BE9DD4A1}.Release|Any CPU.ActiveCfg = Release|Any CPU
		{01812EB2-4FC8-4F3B-B073-7BC8BE9DD4A1}.Release|Any CPU.Build.0 = Release|Any CPU
	EndGlobalSection
	GlobalSection(SolutionProperties) = preSolution
		HideSolutionNode = FALSE
	EndGlobalSection
	GlobalSection(ExtensibilityGlobals) = postSolution
		SolutionGuid = {DD9BC2E9-4C46-4BCE-A4D9-A44DFA3671DA}
	EndGlobalSection
EndGlobal
